// !$*UTF8*$!
{
	archiveVersion = 1;
	classes = {
	};
	objectVersion = 46;
	objects = {

/* Begin PBXBuildFile section */
		A76A86D31B4FB498000A18F5 /* NSArray+ReverseArray.m in Sources */ = {isa = PBXBuildFile; fileRef = A76A86D01B4FB498000A18F5 /* NSArray+ReverseArray.m */; };
		A76A86D41B4FB498000A18F5 /* NSMutableArray+ReversArray.m in Sources */ = {isa = PBXBuildFile; fileRef = A76A86D21B4FB498000A18F5 /* NSMutableArray+ReversArray.m */; };
		A76A86D71B4FB4B3000A18F5 /* WJLogCenter.m in Sources */ = {isa = PBXBuildFile; fileRef = A76A86D51B4FB4B3000A18F5 /* WJLogCenter.m */; };
		A76A86DA1B4FB4C8000A18F5 /* LogService.m in Sources */ = {isa = PBXBuildFile; fileRef = A76A86D81B4FB4C8000A18F5 /* LogService.m */; };
		A76A86E41B4FB4D7000A18F5 /* SearchLogViewController.m in Sources */ = {isa = PBXBuildFile; fileRef = A76A86DB1B4FB4D7000A18F5 /* SearchLogViewController.m */; };
		A76A86E51B4FB4D7000A18F5 /* LogViewController.m in Sources */ = {isa = PBXBuildFile; fileRef = A76A86DC1B4FB4D7000A18F5 /* LogViewController.m */; };
		A76A86E61B4FB4D7000A18F5 /* LogViewController.xib in Resources */ = {isa = PBXBuildFile; fileRef = A76A86DD1B4FB4D7000A18F5 /* LogViewController.xib */; };
		A76A86E71B4FB4D7000A18F5 /* SearchLogViewController.xib in Resources */ = {isa = PBXBuildFile; fileRef = A76A86DE1B4FB4D7000A18F5 /* SearchLogViewController.xib */; };
		A76A86E81B4FB4D7000A18F5 /* LogTableViewCell.m in Sources */ = {isa = PBXBuildFile; fileRef = A76A86E11B4FB4D7000A18F5 /* LogTableViewCell.m */; };
		A76A86E91B4FB4D7000A18F5 /* LogTableViewCell.xib in Resources */ = {isa = PBXBuildFile; fileRef = A76A86E21B4FB4D7000A18F5 /* LogTableViewCell.xib */; };
		A79457C31B2C38A8000A2601 /* main.m in Sources */ = {isa = PBXBuildFile; fileRef = A79457C21B2C38A8000A2601 /* main.m */; };
		A79457C61B2C38A8000A2601 /* AppDelegate.m in Sources */ = {isa = PBXBuildFile; fileRef = A79457C51B2C38A8000A2601 /* AppDelegate.m */; };
		A79457C91B2C38A8000A2601 /* ViewController.m in Sources */ = {isa = PBXBuildFile; fileRef = A79457C81B2C38A8000A2601 /* ViewController.m */; };
		A79457CC1B2C38A8000A2601 /* Main.storyboard in Resources */ = {isa = PBXBuildFile; fileRef = A79457CA1B2C38A8000A2601 /* Main.storyboard */; };
		A79457CE1B2C38A8000A2601 /* Images.xcassets in Resources */ = {isa = PBXBuildFile; fileRef = A79457CD1B2C38A8000A2601 /* Images.xcassets */; };
		A79457D11B2C38A8000A2601 /* LaunchScreen.xib in Resources */ = {isa = PBXBuildFile; fileRef = A79457CF1B2C38A8000A2601 /* LaunchScreen.xib */; };
		A79457DD1B2C38A8000A2601 /* WJLogCenterTests.m in Sources */ = {isa = PBXBuildFile; fileRef = A79457DC1B2C38A8000A2601 /* WJLogCenterTests.m */; };
/* End PBXBuildFile section */

/* Begin PBXContainerItemProxy section */
		A79457D71B2C38A8000A2601 /* PBXContainerItemProxy */ = {
			isa = PBXContainerItemProxy;
			containerPortal = A79457B51B2C38A8000A2601 /* Project object */;
			proxyType = 1;
			remoteGlobalIDString = A79457BC1B2C38A8000A2601;
			remoteInfo = WJLogCenter;
		};
/* End PBXContainerItemProxy section */

/* Begin PBXFileReference section */
		A76A86CF1B4FB498000A18F5 /* NSArray+ReverseArray.h */ = {isa = PBXFileReference; fileEncoding = 4; lastKnownFileType = sourcecode.c.h; name = "NSArray+ReverseArray.h"; path = "WJLogger/Core Extension/NSArray+ReverseArray.h"; sourceTree = "<group>"; };
		A76A86D01B4FB498000A18F5 /* NSArray+ReverseArray.m */ = {isa = PBXFileReference; fileEncoding = 4; lastKnownFileType = sourcecode.c.objc; name = "NSArray+ReverseArray.m"; path = "WJLogger/Core Extension/NSArray+ReverseArray.m"; sourceTree = "<group>"; };
		A76A86D11B4FB498000A18F5 /* NSMutableArray+ReversArray.h */ = {isa = PBXFileReference; fileEncoding = 4; lastKnownFileType = sourcecode.c.h; name = "NSMutableArray+ReversArray.h"; path = "WJLogger/Core Extension/NSMutableArray+ReversArray.h"; sourceTree = "<group>"; };
		A76A86D21B4FB498000A18F5 /* NSMutableArray+ReversArray.m */ = {isa = PBXFileReference; fileEncoding = 4; lastKnownFileType = sourcecode.c.objc; name = "NSMutableArray+ReversArray.m"; path = "WJLogger/Core Extension/NSMutableArray+ReversArray.m"; sourceTree = "<group>"; };
		A76A86D51B4FB4B3000A18F5 /* WJLogCenter.m */ = {isa = PBXFileReference; fileEncoding = 4; lastKnownFileType = sourcecode.c.objc; name = WJLogCenter.m; path = WJLogger/Controller/WJLogCenter.m; sourceTree = "<group>"; };
		A76A86D61B4FB4B3000A18F5 /* WJLogCenter.h */ = {isa = PBXFileReference; fileEncoding = 4; lastKnownFileType = sourcecode.c.h; name = WJLogCenter.h; path = WJLogger/Controller/WJLogCenter.h; sourceTree = "<group>"; };
		A76A86D81B4FB4C8000A18F5 /* LogService.m */ = {isa = PBXFileReference; fileEncoding = 4; lastKnownFileType = sourcecode.c.objc; name = LogService.m; path = WJLogger/Model/LogService.m; sourceTree = "<group>"; };
		A76A86D91B4FB4C8000A18F5 /* LogService.h */ = {isa = PBXFileReference; fileEncoding = 4; lastKnownFileType = sourcecode.c.h; name = LogService.h; path = WJLogger/Model/LogService.h; sourceTree = "<group>"; };
		A76A86DB1B4FB4D7000A18F5 /* SearchLogViewController.m */ = {isa = PBXFileReference; fileEncoding = 4; lastKnownFileType = sourcecode.c.objc; name = SearchLogViewController.m; path = WJLogger/View/SearchLogViewController.m; sourceTree = "<group>"; };
		A76A86DC1B4FB4D7000A18F5 /* LogViewController.m */ = {isa = PBXFileReference; fileEncoding = 4; lastKnownFileType = sourcecode.c.objc; name = LogViewController.m; path = WJLogger/View/LogViewController.m; sourceTree = "<group>"; };
		A76A86DD1B4FB4D7000A18F5 /* LogViewController.xib */ = {isa = PBXFileReference; fileEncoding = 4; lastKnownFileType = file.xib; name = LogViewController.xib; path = WJLogger/View/LogViewController.xib; sourceTree = "<group>"; };
		A76A86DE1B4FB4D7000A18F5 /* SearchLogViewController.xib */ = {isa = PBXFileReference; fileEncoding = 4; lastKnownFileType = file.xib; name = SearchLogViewController.xib; path = WJLogger/View/SearchLogViewController.xib; sourceTree = "<group>"; };
		A76A86DF1B4FB4D7000A18F5 /* SearchLogViewController.h */ = {isa = PBXFileReference; fileEncoding = 4; lastKnownFileType = sourcecode.c.h; name = SearchLogViewController.h; path = WJLogger/View/SearchLogViewController.h; sourceTree = "<group>"; };
		A76A86E01B4FB4D7000A18F5 /* LogTableViewCell.h */ = {isa = PBXFileReference; fileEncoding = 4; lastKnownFileType = sourcecode.c.h; name = LogTableViewCell.h; path = WJLogger/View/LogTableViewCell.h; sourceTree = "<group>"; };
		A76A86E11B4FB4D7000A18F5 /* LogTableViewCell.m */ = {isa = PBXFileReference; fileEncoding = 4; lastKnownFileType = sourcecode.c.objc; name = LogTableViewCell.m; path = WJLogger/View/LogTableViewCell.m; sourceTree = "<group>"; };
		A76A86E21B4FB4D7000A18F5 /* LogTableViewCell.xib */ = {isa = PBXFileReference; fileEncoding = 4; lastKnownFileType = file.xib; name = LogTableViewCell.xib; path = WJLogger/View/LogTableViewCell.xib; sourceTree = "<group>"; };
		A76A86E31B4FB4D7000A18F5 /* LogViewController.h */ = {isa = PBXFileReference; fileEncoding = 4; lastKnownFileType = sourcecode.c.h; name = LogViewController.h; path = WJLogger/View/LogViewController.h; sourceTree = "<group>"; };
		A79457BD1B2C38A8000A2601 /* WJLogCenter.app */ = {isa = PBXFileReference; explicitFileType = wrapper.application; includeInIndex = 0; path = WJLogCenter.app; sourceTree = BUILT_PRODUCTS_DIR; };
		A79457C11B2C38A8000A2601 /* Info.plist */ = {isa = PBXFileReference; lastKnownFileType = text.plist.xml; path = Info.plist; sourceTree = "<group>"; };
		A79457C21B2C38A8000A2601 /* main.m */ = {isa = PBXFileReference; lastKnownFileType = sourcecode.c.objc; path = main.m; sourceTree = "<group>"; };
		A79457C41B2C38A8000A2601 /* AppDelegate.h */ = {isa = PBXFileReference; lastKnownFileType = sourcecode.c.h; path = AppDelegate.h; sourceTree = "<group>"; };
		A79457C51B2C38A8000A2601 /* AppDelegate.m */ = {isa = PBXFileReference; lastKnownFileType = sourcecode.c.objc; path = AppDelegate.m; sourceTree = "<group>"; };
		A79457C71B2C38A8000A2601 /* ViewController.h */ = {isa = PBXFileReference; lastKnownFileType = sourcecode.c.h; path = ViewController.h; sourceTree = "<group>"; };
		A79457C81B2C38A8000A2601 /* ViewController.m */ = {isa = PBXFileReference; lastKnownFileType = sourcecode.c.objc; path = ViewController.m; sourceTree = "<group>"; };
		A79457CB1B2C38A8000A2601 /* Base */ = {isa = PBXFileReference; lastKnownFileType = file.storyboard; name = Base; path = Base.lproj/Main.storyboard; sourceTree = "<group>"; };
		A79457CD1B2C38A8000A2601 /* Images.xcassets */ = {isa = PBXFileReference; lastKnownFileType = folder.assetcatalog; path = Images.xcassets; sourceTree = "<group>"; };
		A79457D01B2C38A8000A2601 /* Base */ = {isa = PBXFileReference; lastKnownFileType = file.xib; name = Base; path = Base.lproj/LaunchScreen.xib; sourceTree = "<group>"; };
		A79457D61B2C38A8000A2601 /* WJLogCenterTests.xctest */ = {isa = PBXFileReference; explicitFileType = wrapper.cfbundle; includeInIndex = 0; path = WJLogCenterTests.xctest; sourceTree = BUILT_PRODUCTS_DIR; };
		A79457DB1B2C38A8000A2601 /* Info.plist */ = {isa = PBXFileReference; lastKnownFileType = text.plist.xml; path = Info.plist; sourceTree = "<group>"; };
		A79457DC1B2C38A8000A2601 /* WJLogCenterTests.m */ = {isa = PBXFileReference; lastKnownFileType = sourcecode.c.objc; path = WJLogCenterTests.m; sourceTree = "<group>"; };
/* End PBXFileReference section */

/* Begin PBXFrameworksBuildPhase section */
		A79457BA1B2C38A8000A2601 /* Frameworks */ = {
			isa = PBXFrameworksBuildPhase;
			buildActionMask = 2147483647;
			files = (
			);
			runOnlyForDeploymentPostprocessing = 0;
		};
		A79457D31B2C38A8000A2601 /* Frameworks */ = {
			isa = PBXFrameworksBuildPhase;
			buildActionMask = 2147483647;
			files = (
			);
			runOnlyForDeploymentPostprocessing = 0;
		};
/* End PBXFrameworksBuildPhase section */

/* Begin PBXGroup section */
		A73F77791B4D1697004C9CB4 /* Extension */ = {
			isa = PBXGroup;
			children = (
				A76A86CF1B4FB498000A18F5 /* NSArray+ReverseArray.h */,
				A76A86D01B4FB498000A18F5 /* NSArray+ReverseArray.m */,
				A76A86D11B4FB498000A18F5 /* NSMutableArray+ReversArray.h */,
				A76A86D21B4FB498000A18F5 /* NSMutableArray+ReversArray.m */,
			);
			name = Extension;
			sourceTree = "<group>";
		};
		A76A86EA1B4FB4F1000A18F5 /* WJLogger */ = {
			isa = PBXGroup;
			children = (
				A73F77791B4D1697004C9CB4 /* Extension */,
				A79457F11B2C44B1000A2601 /* Controller */,
				A79457EA1B2C39AF000A2601 /* Model */,
				A79457F21B2C477C000A2601 /* View */,
			);
			name = WJLogger;
			sourceTree = "<group>";
		};
		A79457B41B2C38A8000A2601 = {
			isa = PBXGroup;
			children = (
				A79457BF1B2C38A8000A2601 /* WJLogCenter */,
				A79457D91B2C38A8000A2601 /* WJLogCenterTests */,
				A79457BE1B2C38A8000A2601 /* Products */,
			);
			sourceTree = "<group>";
		};
		A79457BE1B2C38A8000A2601 /* Products */ = {
			isa = PBXGroup;
			children = (
				A79457BD1B2C38A8000A2601 /* WJLogCenter.app */,
				A79457D61B2C38A8000A2601 /* WJLogCenterTests.xctest */,
			);
			name = Products;
			sourceTree = "<group>";
		};
		A79457BF1B2C38A8000A2601 /* WJLogCenter */ = {
			isa = PBXGroup;
			children = (
				A76A86EA1B4FB4F1000A18F5 /* WJLogger */,
				A79457C41B2C38A8000A2601 /* AppDelegate.h */,
				A79457C51B2C38A8000A2601 /* AppDelegate.m */,
				A79457C71B2C38A8000A2601 /* ViewController.h */,
				A79457C81B2C38A8000A2601 /* ViewController.m */,
				A79457CA1B2C38A8000A2601 /* Main.storyboard */,
				A79457CD1B2C38A8000A2601 /* Images.xcassets */,
				A79457CF1B2C38A8000A2601 /* LaunchScreen.xib */,
				A79457C01B2C38A8000A2601 /* Supporting Files */,
			);
			path = WJLogCenter;
			sourceTree = "<group>";
		};
		A79457C01B2C38A8000A2601 /* Supporting Files */ = {
			isa = PBXGroup;
			children = (
				A79457C11B2C38A8000A2601 /* Info.plist */,
				A79457C21B2C38A8000A2601 /* main.m */,
			);
			name = "Supporting Files";
			sourceTree = "<group>";
		};
		A79457D91B2C38A8000A2601 /* WJLogCenterTests */ = {
			isa = PBXGroup;
			children = (
				A79457DC1B2C38A8000A2601 /* WJLogCenterTests.m */,
				A79457DA1B2C38A8000A2601 /* Supporting Files */,
			);
			path = WJLogCenterTests;
			sourceTree = "<group>";
		};
		A79457DA1B2C38A8000A2601 /* Supporting Files */ = {
			isa = PBXGroup;
			children = (
				A79457DB1B2C38A8000A2601 /* Info.plist */,
			);
			name = "Supporting Files";
			sourceTree = "<group>";
		};
		A79457EA1B2C39AF000A2601 /* Model */ = {
			isa = PBXGroup;
			children = (
				A76A86D81B4FB4C8000A18F5 /* LogService.m */,
				A76A86D91B4FB4C8000A18F5 /* LogService.h */,
			);
			name = Model;
			sourceTree = "<group>";
		};
		A79457F11B2C44B1000A2601 /* Controller */ = {
			isa = PBXGroup;
			children = (
				A76A86D51B4FB4B3000A18F5 /* WJLogCenter.m */,
				A76A86D61B4FB4B3000A18F5 /* WJLogCenter.h */,
			);
			name = Controller;
			sourceTree = "<group>";
		};
		A79457F21B2C477C000A2601 /* View */ = {
			isa = PBXGroup;
			children = (
				A76A86DB1B4FB4D7000A18F5 /* SearchLogViewController.m */,
				A76A86DC1B4FB4D7000A18F5 /* LogViewController.m */,
				A76A86DD1B4FB4D7000A18F5 /* LogViewController.xib */,
				A76A86DE1B4FB4D7000A18F5 /* SearchLogViewController.xib */,
				A76A86DF1B4FB4D7000A18F5 /* SearchLogViewController.h */,
				A76A86E01B4FB4D7000A18F5 /* LogTableViewCell.h */,
				A76A86E11B4FB4D7000A18F5 /* LogTableViewCell.m */,
				A76A86E21B4FB4D7000A18F5 /* LogTableViewCell.xib */,
				A76A86E31B4FB4D7000A18F5 /* LogViewController.h */,
			);
			name = View;
			sourceTree = "<group>";
		};
/* End PBXGroup section */

/* Begin PBXNativeTarget section */
		A79457BC1B2C38A8000A2601 /* WJLogCenter */ = {
			isa = PBXNativeTarget;
			buildConfigurationList = A79457E01B2C38A8000A2601 /* Build configuration list for PBXNativeTarget "WJLogCenter" */;
			buildPhases = (
				A79457B91B2C38A8000A2601 /* Sources */,
				A79457BA1B2C38A8000A2601 /* Frameworks */,
				A79457BB1B2C38A8000A2601 /* Resources */,
			);
			buildRules = (
			);
			dependencies = (
			);
			name = WJLogCenter;
			productName = WJLogCenter;
			productReference = A79457BD1B2C38A8000A2601 /* WJLogCenter.app */;
			productType = "com.apple.product-type.application";
		};
		A79457D51B2C38A8000A2601 /* WJLogCenterTests */ = {
			isa = PBXNativeTarget;
			buildConfigurationList = A79457E31B2C38A8000A2601 /* Build configuration list for PBXNativeTarget "WJLogCenterTests" */;
			buildPhases = (
				A79457D21B2C38A8000A2601 /* Sources */,
				A79457D31B2C38A8000A2601 /* Frameworks */,
				A79457D41B2C38A8000A2601 /* Resources */,
			);
			buildRules = (
			);
			dependencies = (
				A79457D81B2C38A8000A2601 /* PBXTargetDependency */,
			);
			name = WJLogCenterTests;
			productName = WJLogCenterTests;
			productReference = A79457D61B2C38A8000A2601 /* WJLogCenterTests.xctest */;
			productType = "com.apple.product-type.bundle.unit-test";
		};
/* End PBXNativeTarget section */

/* Begin PBXProject section */
		A79457B51B2C38A8000A2601 /* Project object */ = {
			isa = PBXProject;
			attributes = {
				LastUpgradeCheck = 0630;
				ORGANIZATIONNAME = "Alireza Arabi";
				TargetAttributes = {
					A79457BC1B2C38A8000A2601 = {
						CreatedOnToolsVersion = 6.3;
					};
					A79457D51B2C38A8000A2601 = {
						CreatedOnToolsVersion = 6.3;
						TestTargetID = A79457BC1B2C38A8000A2601;
					};
				};
			};
			buildConfigurationList = A79457B81B2C38A8000A2601 /* Build configuration list for PBXProject "WJLogCenter" */;
			compatibilityVersion = "Xcode 3.2";
			developmentRegion = English;
			hasScannedForEncodings = 0;
			knownRegions = (
				en,
				Base,
			);
			mainGroup = A79457B41B2C38A8000A2601;
			productRefGroup = A79457BE1B2C38A8000A2601 /* Products */;
			projectDirPath = "";
			projectRoot = "";
			targets = (
				A79457BC1B2C38A8000A2601 /* WJLogCenter */,
				A79457D51B2C38A8000A2601 /* WJLogCenterTests */,
			);
		};
/* End PBXProject section */

/* Begin PBXResourcesBuildPhase section */
		A79457BB1B2C38A8000A2601 /* Resources */ = {
			isa = PBXResourcesBuildPhase;
			buildActionMask = 2147483647;
			files = (
				A79457CC1B2C38A8000A2601 /* Main.storyboard in Resources */,
				A76A86E91B4FB4D7000A18F5 /* LogTableViewCell.xib in Resources */,
				A79457D11B2C38A8000A2601 /* LaunchScreen.xib in Resources */,
				A76A86E71B4FB4D7000A18F5 /* SearchLogViewController.xib in Resources */,
				A76A86E61B4FB4D7000A18F5 /* LogViewController.xib in Resources */,
				A79457CE1B2C38A8000A2601 /* Images.xcassets in Resources */,
			);
			runOnlyForDeploymentPostprocessing = 0;
		};
		A79457D41B2C38A8000A2601 /* Resources */ = {
			isa = PBXResourcesBuildPhase;
			buildActionMask = 2147483647;
			files = (
			);
			runOnlyForDeploymentPostprocessing = 0;
		};
/* End PBXResourcesBuildPhase section */

/* Begin PBXSourcesBuildPhase section */
		A79457B91B2C38A8000A2601 /* Sources */ = {
			isa = PBXSourcesBuildPhase;
			buildActionMask = 2147483647;
			files = (
				A76A86D31B4FB498000A18F5 /* NSArray+ReverseArray.m in Sources */,
				A79457C91B2C38A8000A2601 /* ViewController.m in Sources */,
				A76A86E41B4FB4D7000A18F5 /* SearchLogViewController.m in Sources */,
				A79457C61B2C38A8000A2601 /* AppDelegate.m in Sources */,
				A76A86D71B4FB4B3000A18F5 /* WJLogCenter.m in Sources */,
				A76A86D41B4FB498000A18F5 /* NSMutableArray+ReversArray.m in Sources */,
				A76A86DA1B4FB4C8000A18F5 /* LogService.m in Sources */,
				A76A86E81B4FB4D7000A18F5 /* LogTableViewCell.m in Sources */,
				A79457C31B2C38A8000A2601 /* main.m in Sources */,
				A76A86E51B4FB4D7000A18F5 /* LogViewController.m in Sources */,
			);
			runOnlyForDeploymentPostprocessing = 0;
		};
		A79457D21B2C38A8000A2601 /* Sources */ = {
			isa = PBXSourcesBuildPhase;
			buildActionMask = 2147483647;
			files = (
				A79457DD1B2C38A8000A2601 /* WJLogCenterTests.m in Sources */,
			);
			runOnlyForDeploymentPostprocessing = 0;
		};
/* End PBXSourcesBuildPhase section */

/* Begin PBXTargetDependency section */
		A79457D81B2C38A8000A2601 /* PBXTargetDependency */ = {
			isa = PBXTargetDependency;
			target = A79457BC1B2C38A8000A2601 /* WJLogCenter */;
			targetProxy = A79457D71B2C38A8000A2601 /* PBXContainerItemProxy */;
		};
/* End PBXTargetDependency section */

/* Begin PBXVariantGroup section */
		A79457CA1B2C38A8000A2601 /* Main.storyboard */ = {
			isa = PBXVariantGroup;
			children = (
				A79457CB1B2C38A8000A2601 /* Base */,
			);
			name = Main.storyboard;
			sourceTree = "<group>";
		};
		A79457CF1B2C38A8000A2601 /* LaunchScreen.xib */ = {
			isa = PBXVariantGroup;
			children = (
				A79457D01B2C38A8000A2601 /* Base */,
			);
			name = LaunchScreen.xib;
			sourceTree = "<group>";
		};
/* End PBXVariantGroup section */

/* Begin XCBuildConfiguration section */
		A79457DE1B2C38A8000A2601 /* Debug */ = {
			isa = XCBuildConfiguration;
			buildSettings = {
				ALWAYS_SEARCH_USER_PATHS = NO;
				CLANG_CXX_LANGUAGE_STANDARD = "gnu++0x";
				CLANG_CXX_LIBRARY = "libc++";
				CLANG_ENABLE_MODULES = YES;
				CLANG_ENABLE_OBJC_ARC = YES;
				CLANG_WARN_BOOL_CONVERSION = YES;
				CLANG_WARN_CONSTANT_CONVERSION = YES;
				CLANG_WARN_DIRECT_OBJC_ISA_USAGE = YES_ERROR;
				CLANG_WARN_EMPTY_BODY = YES;
				CLANG_WARN_ENUM_CONVERSION = YES;
				CLANG_WARN_INT_CONVERSION = YES;
				CLANG_WARN_OBJC_ROOT_CLASS = YES_ERROR;
				CLANG_WARN_UNREACHABLE_CODE = YES;
				CLANG_WARN__DUPLICATE_METHOD_MATCH = YES;
				"CODE_SIGN_IDENTITY[sdk=iphoneos*]" = "iPhone Developer";
				COPY_PHASE_STRIP = NO;
				DEBUG_INFORMATION_FORMAT = "dwarf-with-dsym";
				ENABLE_STRICT_OBJC_MSGSEND = YES;
				GCC_C_LANGUAGE_STANDARD = gnu99;
				GCC_DYNAMIC_NO_PIC = NO;
				GCC_NO_COMMON_BLOCKS = YES;
				GCC_OPTIMIZATION_LEVEL = 0;
				GCC_PREPROCESSOR_DEFINITIONS = (
					"DEBUG=1",
					"$(inherited)",
				);
				GCC_SYMBOLS_PRIVATE_EXTERN = NO;
				GCC_WARN_64_TO_32_BIT_CONVERSION = YES;
				GCC_WARN_ABOUT_RETURN_TYPE = YES_ERROR;
				GCC_WARN_UNDECLARED_SELECTOR = YES;
				GCC_WARN_UNINITIALIZED_AUTOS = YES_AGGRESSIVE;
				GCC_WARN_UNUSED_FUNCTION = YES;
				GCC_WARN_UNUSED_VARIABLE = YES;
				IPHONEOS_DEPLOYMENT_TARGET = 8.3;
				MTL_ENABLE_DEBUG_INFO = YES;
				ONLY_ACTIVE_ARCH = YES;
				SDKROOT = iphoneos;
				TARGETED_DEVICE_FAMILY = "1,2";
			};
			name = Debug;
		};
		A79457DF1B2C38A8000A2601 /* Release */ = {
			isa = XCBuildConfiguration;
			buildSettings = {
				ALWAYS_SEARCH_USER_PATHS = NO;
				CLANG_CXX_LANGUAGE_STANDARD = "gnu++0x";
				CLANG_CXX_LIBRARY = "libc++";
				CLANG_ENABLE_MODULES = YES;
				CLANG_ENABLE_OBJC_ARC = YES;
				CLANG_WARN_BOOL_CONVERSION = YES;
				CLANG_WARN_CONSTANT_CONVERSION = YES;
				CLANG_WARN_DIRECT_OBJC_ISA_USAGE = YES_ERROR;
				CLANG_WARN_EMPTY_BODY = YES;
				CLANG_WARN_ENUM_CONVERSION = YES;
				CLANG_WARN_INT_CONVERSION = YES;
				CLANG_WARN_OBJC_ROOT_CLASS = YES_ERROR;
				CLANG_WARN_UNREACHABLE_CODE = YES;
				CLANG_WARN__DUPLICATE_METHOD_MATCH = YES;
				"CODE_SIGN_IDENTITY[sdk=iphoneos*]" = "iPhone Developer";
				COPY_PHASE_STRIP = NO;
				DEBUG_INFORMATION_FORMAT = "dwarf-with-dsym";
				ENABLE_NS_ASSERTIONS = NO;
				ENABLE_STRICT_OBJC_MSGSEND = YES;
				GCC_C_LANGUAGE_STANDARD = gnu99;
				GCC_NO_COMMON_BLOCKS = YES;
				GCC_WARN_64_TO_32_BIT_CONVERSION = YES;
				GCC_WARN_ABOUT_RETURN_TYPE = YES_ERROR;
				GCC_WARN_UNDECLARED_SELECTOR = YES;
				GCC_WARN_UNINITIALIZED_AUTOS = YES_AGGRESSIVE;
				GCC_WARN_UNUSED_FUNCTION = YES;
				GCC_WARN_UNUSED_VARIABLE = YES;
				IPHONEOS_DEPLOYMENT_TARGET = 8.3;
				MTL_ENABLE_DEBUG_INFO = NO;
				SDKROOT = iphoneos;
				TARGETED_DEVICE_FAMILY = "1,2";
				VALIDATE_PRODUCT = YES;
			};
			name = Release;
		};
		A79457E11B2C38A8000A2601 /* Debug */ = {
			isa = XCBuildConfiguration;
			buildSettings = {
				ASSETCATALOG_COMPILER_APPICON_NAME = AppIcon;
				INFOPLIST_FILE = WJLogCenter/Info.plist;
				LD_RUNPATH_SEARCH_PATHS = "$(inherited) @executable_path/Frameworks";
				PRODUCT_NAME = "$(TARGET_NAME)";
			};
			name = Debug;
		};
		A79457E21B2C38A8000A2601 /* Release */ = {
			isa = XCBuildConfiguration;
			buildSettings = {
				ASSETCATALOG_COMPILER_APPICON_NAME = AppIcon;
				INFOPLIST_FILE = WJLogCenter/Info.plist;
				LD_RUNPATH_SEARCH_PATHS = "$(inherited) @executable_path/Frameworks";
				PRODUCT_NAME = "$(TARGET_NAME)";
			};
			name = Release;
		};
		A79457E41B2C38A8000A2601 /* Debug */ = {
			isa = XCBuildConfiguration;
			buildSettings = {
				BUNDLE_LOADER = "$(TEST_HOST)";
				FRAMEWORK_SEARCH_PATHS = (
					"$(SDKROOT)/Developer/Library/Frameworks",
					"$(inherited)",
				);
				GCC_PREPROCESSOR_DEFINITIONS = (
					"DEBUG=1",
					"$(inherited)",
				);
				INFOPLIST_FILE = WJLogCenterTests/Info.plist;
				LD_RUNPATH_SEARCH_PATHS = "$(inherited) @executable_path/Frameworks @loader_path/Frameworks";
				PRODUCT_NAME = "$(TARGET_NAME)";
				TEST_HOST = "$(BUILT_PRODUCTS_DIR)/WJLogCenter.app/WJLogCenter";
			};
			name = Debug;
		};
		A79457E51B2C38A8000A2601 /* Release */ = {
			isa = XCBuildConfiguration;
			buildSettings = {
				BUNDLE_LOADER = "$(TEST_HOST)";
				FRAMEWORK_SEARCH_PATHS = (
					"$(SDKROOT)/Developer/Library/Frameworks",
					"$(inherited)",
				);
				INFOPLIST_FILE = WJLogCenterTests/Info.plist;
				LD_RUNPATH_SEARCH_PATHS = "$(inherited) @executable_path/Frameworks @loader_path/Frameworks";
				PRODUCT_NAME = "$(TARGET_NAME)";
				TEST_HOST = "$(BUILT_PRODUCTS_DIR)/WJLogCenter.app/WJLogCenter";
			};
			name = Release;
		};
/* End XCBuildConfiguration section */

/* Begin XCConfigurationList section */
		A79457B81B2C38A8000A2601 /* Build configuration list for PBXProject "WJLogCenter" */ = {
			isa = XCConfigurationList;
			buildConfigurations = (
				A79457DE1B2C38A8000A2601 /* Debug */,
				A79457DF1B2C38A8000A2601 /* Release */,
			);
			defaultConfigurationIsVisible = 0;
			defaultConfigurationName = Release;
		};
		A79457E01B2C38A8000A2601 /* Build configuration list for PBXNativeTarget "WJLogCenter" */ = {
			isa = XCConfigurationList;
			buildConfigurations = (
				A79457E11B2C38A8000A2601 /* Debug */,
				A79457E21B2C38A8000A2601 /* Release */,
			);
			defaultConfigurationIsVisible = 0;
			defaultConfigurationName = Release;
		};
		A79457E31B2C38A8000A2601 /* Build configuration list for PBXNativeTarget "WJLogCenterTests" */ = {
			isa = XCConfigurationList;
			buildConfigurations = (
				A79457E41B2C38A8000A2601 /* Debug */,
				A79457E51B2C38A8000A2601 /* Release */,
			);
			defaultConfigurationIsVisible = 0;
			defaultConfigurationName = Release;
		};
/* End XCConfigurationList section */
	};
	rootObject = A79457B51B2C38A8000A2601 /* Project object */;
}
